
Microsoft Visual Studio Solution File, Format Version 12.00
# Visual Studio Version 17
VisualStudioVersion = 17.8.34330.188
MinimumVisualStudioVersion = 10.0.40219.1
Project("{FAE04EC0-301F-11D3-BF4B-00C04F79EFBC}") = "CafeShop", "CafeShop\CafeShop.csproj", "{2147631B-BE6F-41A2-A39D-3B14E0630B95}"
EndProject
Global
	GlobalSection(SolutionConfigurationPlatforms) = preSolution
		Debug|Any CPU = Debug|Any CPU
		Release|Any CPU = Release|Any CPU
	EndGlobalSection
	GlobalSection(ProjectConfigurationPlatforms) = postSolution
		{2147631B-BE6F-41A2-A39D-3B14E0630B95}.Debug|Any CPU.ActiveCfg = Debug|Any CPU
		{2147631B-BE6F-41A2-A39D-3B14E0630B95}.Debug|Any CPU.Build.0 = Debug|Any CPU
		{2147631B-BE6F-41A2-A39D-3B14E0630B95}.Release|Any CPU.ActiveCfg = Release|Any CPU
		{2147631B-BE6F-41A2-A39D-3B14E0630B95}.Release|Any CPU.Build.0 = Release|Any CPU
	EndGlobalSection
	GlobalSection(SolutionProperties) = preSolution
		HideSolutionNode = FALSE
	EndGlobalSection
	GlobalSection(ExtensibilityGlobals) = postSolution
		SolutionGuid = {90B67B85-6296-408A-A8B1-3FA151340EBC}
	EndGlobalSection
EndGlobal
